// !$*UTF8*$!
{
	archiveVersion = 1;
	classes = {
	};
	objectVersion = 46;
	objects = {

/* Begin PBXBuildFile section */
		5AB91CD415DA8EDA00DFFA92 /* UIKit.framework in Frameworks */ = {isa = PBXBuildFile; fileRef = 5AB91CD315DA8EDA00DFFA92 /* UIKit.framework */; };
		5AB91CD615DA8EDA00DFFA92 /* Foundation.framework in Frameworks */ = {isa = PBXBuildFile; fileRef = 5AB91CD515DA8EDA00DFFA92 /* Foundation.framework */; };
		5AB91CD815DA8EDA00DFFA92 /* CoreGraphics.framework in Frameworks */ = {isa = PBXBuildFile; fileRef = 5AB91CD715DA8EDA00DFFA92 /* CoreGraphics.framework */; };
		5AB91CDE15DA8EDA00DFFA92 /* InfoPlist.strings in Resources */ = {isa = PBXBuildFile; fileRef = 5AB91CDC15DA8EDA00DFFA92 /* InfoPlist.strings */; };
		5AB91CE015DA8EDA00DFFA92 /* main.m in Sources */ = {isa = PBXBuildFile; fileRef = 5AB91CDF15DA8EDA00DFFA92 /* main.m */; };
		5AB91CE415DA8EDA00DFFA92 /* MHAppDelegate.m in Sources */ = {isa = PBXBuildFile; fileRef = 5AB91CE315DA8EDA00DFFA92 /* MHAppDelegate.m */; };
		5AB91D0D15DA93CE00DFFA92 /* MHGenerator.m in Sources */ = {isa = PBXBuildFile; fileRef = 5AB91D0C15DA93CE00DFFA92 /* MHGenerator.m */; };
		5AB91D1015DA944B00DFFA92 /* MHPerson.m in Sources */ = {isa = PBXBuildFile; fileRef = 5AB91D0F15DA944B00DFFA92 /* MHPerson.m */; };
		5AB91D1315DA94DA00DFFA92 /* MHAssignment.m in Sources */ = {isa = PBXBuildFile; fileRef = 5AB91D1215DA94DA00DFFA92 /* MHAssignment.m */; };
		5AC8ED9B1652F268007C86A8 /* UIKit.framework in Frameworks */ = {isa = PBXBuildFile; fileRef = 5AB91CD315DA8EDA00DFFA92 /* UIKit.framework */; };
		5AC8ED9C1652F268007C86A8 /* Foundation.framework in Frameworks */ = {isa = PBXBuildFile; fileRef = 5AB91CD515DA8EDA00DFFA92 /* Foundation.framework */; };
		5AC8ED9D1652F268007C86A8 /* CoreGraphics.framework in Frameworks */ = {isa = PBXBuildFile; fileRef = 5AB91CD715DA8EDA00DFFA92 /* CoreGraphics.framework */; };
		5AC8EDA31652F269007C86A8 /* InfoPlist.strings in Resources */ = {isa = PBXBuildFile; fileRef = 5AC8EDA11652F269007C86A8 /* InfoPlist.strings */; };
		5AC8EDA51652F269007C86A8 /* main.m in Sources */ = {isa = PBXBuildFile; fileRef = 5AC8EDA41652F269007C86A8 /* main.m */; };
		5AC8EDAB1652F269007C86A8 /* Default.png in Resources */ = {isa = PBXBuildFile; fileRef = 5AC8EDAA1652F269007C86A8 /* Default.png */; };
		5AC8EDAD1652F269007C86A8 /* Default@2x.png in Resources */ = {isa = PBXBuildFile; fileRef = 5AC8EDAC1652F269007C86A8 /* Default@2x.png */; };
		5AC8EDAF1652F269007C86A8 /* Default-568h@2x.png in Resources */ = {isa = PBXBuildFile; fileRef = 5AC8EDAE1652F269007C86A8 /* Default-568h@2x.png */; };
		5AC8EDC21652F4F1007C86A8 /* GHUnitIOS.framework in Frameworks */ = {isa = PBXBuildFile; fileRef = 5AC8EDC11652F4F1007C86A8 /* GHUnitIOS.framework */; };
		5AC8EDC41652F741007C86A8 /* QuartzCore.framework in Frameworks */ = {isa = PBXBuildFile; fileRef = 5AC8EDC31652F741007C86A8 /* QuartzCore.framework */; };
		5AC8EDC51652F79F007C86A8 /* MHGeneratorTest.m in Sources */ = {isa = PBXBuildFile; fileRef = 5AB91D0915DA917500DFFA92 /* MHGeneratorTest.m */; };
		5AC8EDC61652F82B007C86A8 /* MHGenerator.m in Sources */ = {isa = PBXBuildFile; fileRef = 5AB91D0C15DA93CE00DFFA92 /* MHGenerator.m */; };
		5AC8EDC71652F82F007C86A8 /* MHPerson.m in Sources */ = {isa = PBXBuildFile; fileRef = 5AB91D0F15DA944B00DFFA92 /* MHPerson.m */; };
		5AC8EDC81652F832007C86A8 /* MHAssignment.m in Sources */ = {isa = PBXBuildFile; fileRef = 5AB91D1215DA94DA00DFFA92 /* MHAssignment.m */; };
/* End PBXBuildFile section */

/* Begin PBXFileReference section */
		5AB91CCF15DA8EDA00DFFA92 /* SecretSantaIOS.app */ = {isa = PBXFileReference; explicitFileType = wrapper.application; includeInIndex = 0; path = SecretSantaIOS.app; sourceTree = BUILT_PRODUCTS_DIR; };
		5AB91CD315DA8EDA00DFFA92 /* UIKit.framework */ = {isa = PBXFileReference; lastKnownFileType = wrapper.framework; name = UIKit.framework; path = System/Library/Frameworks/UIKit.framework; sourceTree = SDKROOT; };
		5AB91CD515DA8EDA00DFFA92 /* Foundation.framework */ = {isa = PBXFileReference; lastKnownFileType = wrapper.framework; name = Foundation.framework; path = System/Library/Frameworks/Foundation.framework; sourceTree = SDKROOT; };
		5AB91CD715DA8EDA00DFFA92 /* CoreGraphics.framework */ = {isa = PBXFileReference; lastKnownFileType = wrapper.framework; name = CoreGraphics.framework; path = System/Library/Frameworks/CoreGraphics.framework; sourceTree = SDKROOT; };
		5AB91CDB15DA8EDA00DFFA92 /* SecretSantaIOS-Info.plist */ = {isa = PBXFileReference; lastKnownFileType = text.plist.xml; path = "SecretSantaIOS-Info.plist"; sourceTree = "<group>"; };
		5AB91CDD15DA8EDA00DFFA92 /* en */ = {isa = PBXFileReference; lastKnownFileType = text.plist.strings; name = en; path = en.lproj/InfoPlist.strings; sourceTree = "<group>"; };
		5AB91CDF15DA8EDA00DFFA92 /* main.m */ = {isa = PBXFileReference; lastKnownFileType = sourcecode.c.objc; path = main.m; sourceTree = "<group>"; };
		5AB91CE115DA8EDA00DFFA92 /* SecretSantaIOS-Prefix.pch */ = {isa = PBXFileReference; lastKnownFileType = sourcecode.c.h; path = "SecretSantaIOS-Prefix.pch"; sourceTree = "<group>"; };
		5AB91CE215DA8EDA00DFFA92 /* MHAppDelegate.h */ = {isa = PBXFileReference; lastKnownFileType = sourcecode.c.h; path = MHAppDelegate.h; sourceTree = "<group>"; };
		5AB91CE315DA8EDA00DFFA92 /* MHAppDelegate.m */ = {isa = PBXFileReference; lastKnownFileType = sourcecode.c.objc; path = MHAppDelegate.m; sourceTree = "<group>"; };
		5AB91D0915DA917500DFFA92 /* MHGeneratorTest.m */ = {isa = PBXFileReference; fileEncoding = 4; lastKnownFileType = sourcecode.c.objc; name = MHGeneratorTest.m; path = SecretSantaIOSTests/MHGeneratorTest.m; sourceTree = SOURCE_ROOT; };
		5AB91D0B15DA93CE00DFFA92 /* MHGenerator.h */ = {isa = PBXFileReference; fileEncoding = 4; lastKnownFileType = sourcecode.c.h; path = MHGenerator.h; sourceTree = "<group>"; };
		5AB91D0C15DA93CE00DFFA92 /* MHGenerator.m */ = {isa = PBXFileReference; fileEncoding = 4; lastKnownFileType = sourcecode.c.objc; path = MHGenerator.m; sourceTree = "<group>"; };
		5AB91D0E15DA944B00DFFA92 /* MHPerson.h */ = {isa = PBXFileReference; fileEncoding = 4; lastKnownFileType = sourcecode.c.h; path = MHPerson.h; sourceTree = "<group>"; };
		5AB91D0F15DA944B00DFFA92 /* MHPerson.m */ = {isa = PBXFileReference; fileEncoding = 4; lastKnownFileType = sourcecode.c.objc; path = MHPerson.m; sourceTree = "<group>"; };
		5AB91D1115DA94DA00DFFA92 /* MHAssignment.h */ = {isa = PBXFileReference; fileEncoding = 4; lastKnownFileType = sourcecode.c.h; path = MHAssignment.h; sourceTree = "<group>"; };
		5AB91D1215DA94DA00DFFA92 /* MHAssignment.m */ = {isa = PBXFileReference; fileEncoding = 4; lastKnownFileType = sourcecode.c.objc; path = MHAssignment.m; sourceTree = "<group>"; };
		5AC8ED991652F268007C86A8 /* SecretSantaIOSTest.app */ = {isa = PBXFileReference; explicitFileType = wrapper.application; includeInIndex = 0; path = SecretSantaIOSTest.app; sourceTree = BUILT_PRODUCTS_DIR; };
		5AC8EDA01652F269007C86A8 /* SecretSantaIOSTest-Info.plist */ = {isa = PBXFileReference; lastKnownFileType = text.plist.xml; path = "SecretSantaIOSTest-Info.plist"; sourceTree = "<group>"; };
		5AC8EDA21652F269007C86A8 /* en */ = {isa = PBXFileReference; lastKnownFileType = text.plist.strings; name = en; path = en.lproj/InfoPlist.strings; sourceTree = "<group>"; };
		5AC8EDA41652F269007C86A8 /* main.m */ = {isa = PBXFileReference; lastKnownFileType = sourcecode.c.objc; path = main.m; sourceTree = "<group>"; };
		5AC8EDA61652F269007C86A8 /* SecretSantaIOSTest-Prefix.pch */ = {isa = PBXFileReference; lastKnownFileType = sourcecode.c.h; path = "SecretSantaIOSTest-Prefix.pch"; sourceTree = "<group>"; };
		5AC8EDAA1652F269007C86A8 /* Default.png */ = {isa = PBXFileReference; lastKnownFileType = image.png; path = Default.png; sourceTree = "<group>"; };
		5AC8EDAC1652F269007C86A8 /* Default@2x.png */ = {isa = PBXFileReference; lastKnownFileType = image.png; path = "Default@2x.png"; sourceTree = "<group>"; };
		5AC8EDAE1652F269007C86A8 /* Default-568h@2x.png */ = {isa = PBXFileReference; lastKnownFileType = image.png; path = "Default-568h@2x.png"; sourceTree = "<group>"; };
		5AC8EDC11652F4F1007C86A8 /* GHUnitIOS.framework */ = {isa = PBXFileReference; lastKnownFileType = wrapper.framework; path = GHUnitIOS.framework; sourceTree = "<group>"; };
		5AC8EDC31652F741007C86A8 /* QuartzCore.framework */ = {isa = PBXFileReference; lastKnownFileType = wrapper.framework; name = QuartzCore.framework; path = System/Library/Frameworks/QuartzCore.framework; sourceTree = SDKROOT; };
/* End PBXFileReference section */

/* Begin PBXFrameworksBuildPhase section */
		5AB91CCC15DA8EDA00DFFA92 /* Frameworks */ = {
			isa = PBXFrameworksBuildPhase;
			buildActionMask = 2147483647;
			files = (
				5AB91CD415DA8EDA00DFFA92 /* UIKit.framework in Frameworks */,
				5AB91CD615DA8EDA00DFFA92 /* Foundation.framework in Frameworks */,
				5AB91CD815DA8EDA00DFFA92 /* CoreGraphics.framework in Frameworks */,
			);
			runOnlyForDeploymentPostprocessing = 0;
		};
		5AC8ED961652F268007C86A8 /* Frameworks */ = {
			isa = PBXFrameworksBuildPhase;
			buildActionMask = 2147483647;
			files = (
				5AC8EDC41652F741007C86A8 /* QuartzCore.framework in Frameworks */,
				5AC8ED9B1652F268007C86A8 /* UIKit.framework in Frameworks */,
				5AC8ED9C1652F268007C86A8 /* Foundation.framework in Frameworks */,
				5AC8ED9D1652F268007C86A8 /* CoreGraphics.framework in Frameworks */,
				5AC8EDC21652F4F1007C86A8 /* GHUnitIOS.framework in Frameworks */,
			);
			runOnlyForDeploymentPostprocessing = 0;
		};
/* End PBXFrameworksBuildPhase section */

/* Begin PBXGroup section */
		5AB91CC415DA8EDA00DFFA92 = {
			isa = PBXGroup;
			children = (
				5AB91CD915DA8EDA00DFFA92 /* SecretSantaIOS */,
				5AC8ED9E1652F269007C86A8 /* SecretSantaIOSTest */,
				5AB91CD215DA8EDA00DFFA92 /* Frameworks */,
				5AB91CD015DA8EDA00DFFA92 /* Products */,
			);
			sourceTree = "<group>";
		};
		5AB91CD015DA8EDA00DFFA92 /* Products */ = {
			isa = PBXGroup;
			children = (
				5AB91CCF15DA8EDA00DFFA92 /* SecretSantaIOS.app */,
				5AC8ED991652F268007C86A8 /* SecretSantaIOSTest.app */,
			);
			name = Products;
			sourceTree = "<group>";
		};
		5AB91CD215DA8EDA00DFFA92 /* Frameworks */ = {
			isa = PBXGroup;
			children = (
				5AC8EDC31652F741007C86A8 /* QuartzCore.framework */,
				5AC8EDC11652F4F1007C86A8 /* GHUnitIOS.framework */,
				5AB91CD315DA8EDA00DFFA92 /* UIKit.framework */,
				5AB91CD515DA8EDA00DFFA92 /* Foundation.framework */,
				5AB91CD715DA8EDA00DFFA92 /* CoreGraphics.framework */,
			);
			name = Frameworks;
			sourceTree = "<group>";
		};
		5AB91CD915DA8EDA00DFFA92 /* SecretSantaIOS */ = {
			isa = PBXGroup;
			children = (
				5AB91CE215DA8EDA00DFFA92 /* MHAppDelegate.h */,
				5AB91CE315DA8EDA00DFFA92 /* MHAppDelegate.m */,
				5AB91D0B15DA93CE00DFFA92 /* MHGenerator.h */,
				5AB91D0C15DA93CE00DFFA92 /* MHGenerator.m */,
				5AB91D0E15DA944B00DFFA92 /* MHPerson.h */,
				5AB91D0F15DA944B00DFFA92 /* MHPerson.m */,
				5AB91D1115DA94DA00DFFA92 /* MHAssignment.h */,
				5AB91D1215DA94DA00DFFA92 /* MHAssignment.m */,
				5AB91CDA15DA8EDA00DFFA92 /* Supporting Files */,
			);
			path = SecretSantaIOS;
			sourceTree = "<group>";
		};
		5AB91CDA15DA8EDA00DFFA92 /* Supporting Files */ = {
			isa = PBXGroup;
			children = (
				5AB91CDB15DA8EDA00DFFA92 /* SecretSantaIOS-Info.plist */,
				5AB91CDC15DA8EDA00DFFA92 /* InfoPlist.strings */,
				5AB91CDF15DA8EDA00DFFA92 /* main.m */,
				5AB91CE115DA8EDA00DFFA92 /* SecretSantaIOS-Prefix.pch */,
			);
			name = "Supporting Files";
			sourceTree = "<group>";
		};
		5AC8ED9E1652F269007C86A8 /* SecretSantaIOSTest */ = {
			isa = PBXGroup;
			children = (
				5AC8ED9F1652F269007C86A8 /* Supporting Files */,
				5AB91D0915DA917500DFFA92 /* MHGeneratorTest.m */,
			);
			path = SecretSantaIOSTest;
			sourceTree = "<group>";
		};
		5AC8ED9F1652F269007C86A8 /* Supporting Files */ = {
			isa = PBXGroup;
			children = (
				5AC8EDA01652F269007C86A8 /* SecretSantaIOSTest-Info.plist */,
				5AC8EDA11652F269007C86A8 /* InfoPlist.strings */,
				5AC8EDA41652F269007C86A8 /* main.m */,
				5AC8EDA61652F269007C86A8 /* SecretSantaIOSTest-Prefix.pch */,
				5AC8EDAA1652F269007C86A8 /* Default.png */,
				5AC8EDAC1652F269007C86A8 /* Default@2x.png */,
				5AC8EDAE1652F269007C86A8 /* Default-568h@2x.png */,
			);
			name = "Supporting Files";
			sourceTree = "<group>";
		};
/* End PBXGroup section */

/* Begin PBXNativeTarget section */
		5AB91CCE15DA8EDA00DFFA92 /* SecretSantaIOS */ = {
			isa = PBXNativeTarget;
			buildConfigurationList = 5AB91D0215DA8EDA00DFFA92 /* Build configuration list for PBXNativeTarget "SecretSantaIOS" */;
			buildPhases = (
				5AB91CCB15DA8EDA00DFFA92 /* Sources */,
				5AB91CCC15DA8EDA00DFFA92 /* Frameworks */,
				5AB91CCD15DA8EDA00DFFA92 /* Resources */,
			);
			buildRules = (
			);
			dependencies = (
			);
			name = SecretSantaIOS;
			productName = SecretSantaIOS;
			productReference = 5AB91CCF15DA8EDA00DFFA92 /* SecretSantaIOS.app */;
			productType = "com.apple.product-type.application";
		};
		5AC8ED981652F268007C86A8 /* SecretSantaIOSTest */ = {
			isa = PBXNativeTarget;
			buildConfigurationList = 5AC8EDB21652F269007C86A8 /* Build configuration list for PBXNativeTarget "SecretSantaIOSTest" */;
			buildPhases = (
				5AC8ED951652F268007C86A8 /* Sources */,
				5AC8ED961652F268007C86A8 /* Frameworks */,
				5AC8ED971652F268007C86A8 /* Resources */,
			);
			buildRules = (
			);
			dependencies = (
			);
			name = SecretSantaIOSTest;
			productName = SecretSantaIOSTest;
			productReference = 5AC8ED991652F268007C86A8 /* SecretSantaIOSTest.app */;
			productType = "com.apple.product-type.application";
		};
/* End PBXNativeTarget section */

/* Begin PBXProject section */
		5AB91CC615DA8EDA00DFFA92 /* Project object */ = {
			isa = PBXProject;
			attributes = {
				CLASSPREFIX = MH;
				LastUpgradeCheck = 0440;
				ORGANIZATIONNAME = "Micah Hainline";
			};
			buildConfigurationList = 5AB91CC915DA8EDA00DFFA92 /* Build configuration list for PBXProject "SecretSantaIOS" */;
			compatibilityVersion = "Xcode 3.2";
			developmentRegion = English;
			hasScannedForEncodings = 0;
			knownRegions = (
				en,
			);
			mainGroup = 5AB91CC415DA8EDA00DFFA92;
			productRefGroup = 5AB91CD015DA8EDA00DFFA92 /* Products */;
			projectDirPath = "";
			projectRoot = "";
			targets = (
				5AB91CCE15DA8EDA00DFFA92 /* SecretSantaIOS */,
				5AC8ED981652F268007C86A8 /* SecretSantaIOSTest */,
			);
		};
/* End PBXProject section */

/* Begin PBXResourcesBuildPhase section */
		5AB91CCD15DA8EDA00DFFA92 /* Resources */ = {
			isa = PBXResourcesBuildPhase;
			buildActionMask = 2147483647;
			files = (
				5AB91CDE15DA8EDA00DFFA92 /* InfoPlist.strings in Resources */,
			);
			runOnlyForDeploymentPostprocessing = 0;
		};
		5AC8ED971652F268007C86A8 /* Resources */ = {
			isa = PBXResourcesBuildPhase;
			buildActionMask = 2147483647;
			files = (
				5AC8EDA31652F269007C86A8 /* InfoPlist.strings in Resources */,
				5AC8EDAB1652F269007C86A8 /* Default.png in Resources */,
				5AC8EDAD1652F269007C86A8 /* Default@2x.png in Resources */,
				5AC8EDAF1652F269007C86A8 /* Default-568h@2x.png in Resources */,
			);
			runOnlyForDeploymentPostprocessing = 0;
		};
/* End PBXResourcesBuildPhase section */

/* Begin PBXSourcesBuildPhase section */
		5AB91CCB15DA8EDA00DFFA92 /* Sources */ = {
			isa = PBXSourcesBuildPhase;
			buildActionMask = 2147483647;
			files = (
				5AB91CE015DA8EDA00DFFA92 /* main.m in Sources */,
				5AB91CE415DA8EDA00DFFA92 /* MHAppDelegate.m in Sources */,
				5AB91D0D15DA93CE00DFFA92 /* MHGenerator.m in Sources */,
				5AB91D1015DA944B00DFFA92 /* MHPerson.m in Sources */,
				5AB91D1315DA94DA00DFFA92 /* MHAssignment.m in Sources */,
			);
			runOnlyForDeploymentPostprocessing = 0;
		};
		5AC8ED951652F268007C86A8 /* Sources */ = {
			isa = PBXSourcesBuildPhase;
			buildActionMask = 2147483647;
			files = (
				5AC8EDA51652F269007C86A8 /* main.m in Sources */,
				5AC8EDC51652F79F007C86A8 /* MHGeneratorTest.m in Sources */,
				5AC8EDC61652F82B007C86A8 /* MHGenerator.m in Sources */,
				5AC8EDC71652F82F007C86A8 /* MHPerson.m in Sources */,
				5AC8EDC81652F832007C86A8 /* MHAssignment.m in Sources */,
			);
			runOnlyForDeploymentPostprocessing = 0;
		};
/* End PBXSourcesBuildPhase section */

/* Begin PBXVariantGroup section */
		5AB91CDC15DA8EDA00DFFA92 /* InfoPlist.strings */ = {
			isa = PBXVariantGroup;
			children = (
				5AB91CDD15DA8EDA00DFFA92 /* en */,
			);
			name = InfoPlist.strings;
			sourceTree = "<group>";
		};
		5AC8EDA11652F269007C86A8 /* InfoPlist.strings */ = {
			isa = PBXVariantGroup;
			children = (
				5AC8EDA21652F269007C86A8 /* en */,
			);
			name = InfoPlist.strings;
			sourceTree = "<group>";
		};
/* End PBXVariantGroup section */

/* Begin XCBuildConfiguration section */
		5AB91D0015DA8EDA00DFFA92 /* Debug */ = {
			isa = XCBuildConfiguration;
			buildSettings = {
				ALWAYS_SEARCH_USER_PATHS = NO;
				ARCHS = "$(ARCHS_STANDARD_32_BIT)";
				CLANG_CXX_LANGUAGE_STANDARD = "gnu++0x";
				CLANG_ENABLE_OBJC_ARC = YES;
				CLANG_WARN__DUPLICATE_METHOD_MATCH = YES;
				"CODE_SIGN_IDENTITY[sdk=iphoneos*]" = "iPhone Developer";
				COPY_PHASE_STRIP = NO;
				GCC_C_LANGUAGE_STANDARD = gnu99;
				GCC_DYNAMIC_NO_PIC = NO;
				GCC_OPTIMIZATION_LEVEL = 0;
				GCC_PREPROCESSOR_DEFINITIONS = (
					"DEBUG=1",
					"$(inherited)",
				);
				GCC_SYMBOLS_PRIVATE_EXTERN = NO;
				GCC_VERSION = com.apple.compilers.llvm.clang.1_0;
				GCC_WARN_ABOUT_RETURN_TYPE = YES;
				GCC_WARN_UNINITIALIZED_AUTOS = YES;
				GCC_WARN_UNUSED_VARIABLE = YES;
				IPHONEOS_DEPLOYMENT_TARGET = 5.1;
				SDKROOT = iphoneos;
			};
			name = Debug;
		};
		5AB91D0115DA8EDA00DFFA92 /* Release */ = {
			isa = XCBuildConfiguration;
			buildSettings = {
				ALWAYS_SEARCH_USER_PATHS = NO;
				ARCHS = "$(ARCHS_STANDARD_32_BIT)";
				CLANG_CXX_LANGUAGE_STANDARD = "gnu++0x";
				CLANG_ENABLE_OBJC_ARC = YES;
				CLANG_WARN__DUPLICATE_METHOD_MATCH = YES;
				"CODE_SIGN_IDENTITY[sdk=iphoneos*]" = "iPhone Developer";
				COPY_PHASE_STRIP = YES;
				GCC_C_LANGUAGE_STANDARD = gnu99;
				GCC_VERSION = com.apple.compilers.llvm.clang.1_0;
				GCC_WARN_ABOUT_RETURN_TYPE = YES;
				GCC_WARN_UNINITIALIZED_AUTOS = YES;
				GCC_WARN_UNUSED_VARIABLE = YES;
				IPHONEOS_DEPLOYMENT_TARGET = 5.1;
				OTHER_CFLAGS = "-DNS_BLOCK_ASSERTIONS=1";
				SDKROOT = iphoneos;
				VALIDATE_PRODUCT = YES;
			};
			name = Release;
		};
		5AB91D0315DA8EDA00DFFA92 /* Debug */ = {
			isa = XCBuildConfiguration;
			buildSettings = {
				GCC_PRECOMPILE_PREFIX_HEADER = YES;
				GCC_PREFIX_HEADER = "SecretSantaIOS/SecretSantaIOS-Prefix.pch";
				INFOPLIST_FILE = "SecretSantaIOS/SecretSantaIOS-Info.plist";
				PRODUCT_NAME = "$(TARGET_NAME)";
				WRAPPER_EXTENSION = app;
			};
			name = Debug;
		};
		5AB91D0415DA8EDA00DFFA92 /* Release */ = {
			isa = XCBuildConfiguration;
			buildSettings = {
				GCC_PRECOMPILE_PREFIX_HEADER = YES;
				GCC_PREFIX_HEADER = "SecretSantaIOS/SecretSantaIOS-Prefix.pch";
				INFOPLIST_FILE = "SecretSantaIOS/SecretSantaIOS-Info.plist";
				PRODUCT_NAME = "$(TARGET_NAME)";
				WRAPPER_EXTENSION = app;
			};
			name = Release;
		};
		5AC8EDB01652F269007C86A8 /* Debug */ = {
			isa = XCBuildConfiguration;
			buildSettings = {
				CLANG_CXX_LIBRARY = "libc++";
				CLANG_WARN_EMPTY_BODY = YES;
				"CODE_SIGN_IDENTITY[sdk=iphoneos*]" = "iPhone Developer";
				FRAMEWORK_SEARCH_PATHS = (
					"$(inherited)",
					"\"$(SRCROOT)\"",
				);
				GCC_PRECOMPILE_PREFIX_HEADER = YES;
				GCC_PREFIX_HEADER = "SecretSantaIOSTest/SecretSantaIOSTest-Prefix.pch";
				INFOPLIST_FILE = "SecretSantaIOSTest/SecretSantaIOSTest-Info.plist";
				IPHONEOS_DEPLOYMENT_TARGET = 6.0;
				ONLY_ACTIVE_ARCH = YES;
				OTHER_LDFLAGS = (
					"-ObjC",
					"-all_load",
				);
				PRODUCT_NAME = "$(TARGET_NAME)";
				TARGETED_DEVICE_FAMILY = "1,2";
				WRAPPER_EXTENSION = app;
			};
			name = Debug;
		};
		5AC8EDB11652F269007C86A8 /* Release */ = {
			isa = XCBuildConfiguration;
			buildSettings = {
				CLANG_CXX_LIBRARY = "libc++";
				CLANG_WARN_EMPTY_BODY = YES;
				"CODE_SIGN_IDENTITY[sdk=iphoneos*]" = "iPhone Developer";
				FRAMEWORK_SEARCH_PATHS = (
					"$(inherited)",
					"\"$(SRCROOT)\"",
				);
				GCC_PRECOMPILE_PREFIX_HEADER = YES;
				GCC_PREFIX_HEADER = "SecretSantaIOSTest/SecretSantaIOSTest-Prefix.pch";
				INFOPLIST_FILE = "SecretSantaIOSTest/SecretSantaIOSTest-Info.plist";
				IPHONEOS_DEPLOYMENT_TARGET = 6.0;
				OTHER_LDFLAGS = (
					"-ObjC",
					"-all_load",
				);
				PRODUCT_NAME = "$(TARGET_NAME)";
				TARGETED_DEVICE_FAMILY = "1,2";
				WRAPPER_EXTENSION = app;
			};
			name = Release;
		};
/* End XCBuildConfiguration section */

/* Begin XCConfigurationList section */
		5AB91CC915DA8EDA00DFFA92 /* Build configuration list for PBXProject "SecretSantaIOS" */ = {
			isa = XCConfigurationList;
			buildConfigurations = (
				5AB91D0015DA8EDA00DFFA92 /* Debug */,
				5AB91D0115DA8EDA00DFFA92 /* Release */,
			);
			defaultConfigurationIsVisible = 0;
			defaultConfigurationName = Release;
		};
		5AB91D0215DA8EDA00DFFA92 /* Build configuration list for PBXNativeTarget "SecretSantaIOS" */ = {
			isa = XCConfigurationList;
			buildConfigurations = (
				5AB91D0315DA8EDA00DFFA92 /* Debug */,
				5AB91D0415DA8EDA00DFFA92 /* Release */,
			);
			defaultConfigurationIsVisible = 0;
			defaultConfigurationName = Release;
		};
		5AC8EDB21652F269007C86A8 /* Build configuration list for PBXNativeTarget "SecretSantaIOSTest" */ = {
			isa = XCConfigurationList;
			buildConfigurations = (
				5AC8EDB01652F269007C86A8 /* Debug */,
				5AC8EDB11652F269007C86A8 /* Release */,
			);
			defaultConfigurationIsVisible = 0;
		};
/* End XCConfigurationList section */
	};
	rootObject = 5AB91CC615DA8EDA00DFFA92 /* Project object */;
}
